{
  "nodes": {
    "flakeNimbleLib": {
      "inputs": {
        "nixpkgs": [
          "nixpkgs"
        ]
      },
      "locked": {
        "lastModified": 1648105061,
        "narHash": "sha256-Je25qNlH4xrH3+m6vIq6yPvdfQ80FRTwX4JOhrRLduc=",
        "owner": "riinr",
        "repo": "nim-flakes-lib",
        "rev": "f1ec5e2f15b9f717c33b6942ce7cb344ff868522",
        "type": "github"
      },
      "original": {
        "owner": "riinr",
        "ref": "master",
        "repo": "nim-flakes-lib",
        "type": "github"
      }
    },
    "nixpkgs": {
      "locked": {
        "narHash": "sha256-7sWpWRO0IsBP5jm9qCrpuzDkWC7UAghiCmZZ+1uqHKo=",
        "path": "/nix/store/q2jrkx5a3z6yxzbfai0kxpnqki80jm3l-source",
        "type": "path"
      },
      "original": {
        "id": "nixpkgs",
        "type": "indirect"
      }
    },
    "result": {
      "inputs": {
        "flakeNimbleLib": [
          "flakeNimbleLib"
        ],
        "nixpkgs": [
          "nixpkgs"
        ],
        "src-result-master": "src-result-master"
      },
      "locked": {
        "dir": "master",
        "lastModified": 1652391503,
        "narHash": "sha256-bXQAQNksBV2JBpIWN89I+B/WM+Hf7eb/+pI/vy/OWLY=",
        "owner": "nim-nix-pkgs",
        "repo": "result",
        "rev": "821163be9ab17355245932a8e82661165e09ec16",
        "type": "github"
      },
      "original": {
        "dir": "master",
        "owner": "nim-nix-pkgs",
        "ref": "master",
        "repo": "result",
        "type": "github"
      }
    },
    "root": {
      "inputs": {
        "flakeNimbleLib": "flakeNimbleLib",
        "nixpkgs": "nixpkgs",
        "result": "result",
        "src-resultsutils-main": "src-resultsutils-main"
      }
    },
    "src-result-master": {
      "flake": false,
      "locked": {
        "lastModified": 1641244549,
        "narHash": "sha256-Q1++NjHEtY261IiKpRRh5Oa7kfE8qRYO/8aEJ3FUddg=",
        "owner": "arnetheduck",
        "repo": "nim-result",
        "rev": "4ff5f5b59c239c23314240106c6903bb0084e074",
        "type": "github"
      },
      "original": {
        "owner": "arnetheduck",
        "ref": "refs/heads/master",
        "repo": "nim-result",
        "type": "github"
      }
    },
    "src-resultsutils-main": {
      "flake": false,
      "locked": {
        "lastModified": 1652380222,
        "narHash": "sha256-9nLn9SKQz0kGoIdq1zbcHsOeeTFh7wWjK03vRXNXHs4=",
        "owner": "nonnil",
        "repo": "resultutils",
        "rev": "f806cc3baac98976e371e8f9f41c66185c7c9031",
        "type": "github"
      },
      "original": {
        "owner": "nonnil",
        "ref": "refs/heads/main",
        "repo": "resultutils",
        "type": "github"
      }
    }
  },
  "root": "root",
  "version": 7
}
